
Microsoft Visual Studio Solution File, Format Version 12.00
# Visual Studio Version 17
VisualStudioVersion = 17.6.33815.320
MinimumVisualStudioVersion = 10.0.40219.1
Project("{E24C65DC-7377-472B-9ABA-BC803B73C61A}") = "CVsite", "CVsite\", "{FC96328C-F182-421C-9D5E-734514B6BD78}"
	ProjectSection(WebsiteProperties) = preProject
		TargetFrameworkMoniker = ".NETFramework,Version%3Dv4.7.2"
		Debug.AspNetCompiler.VirtualPath = "/localhost_36319"
		Debug.AspNetCompiler.PhysicalPath = "CVsite\"
		Debug.AspNetCompiler.TargetPath = "PrecompiledWeb\localhost_36319\"
		Debug.AspNetCompiler.Updateable = "true"
		Debug.AspNetCompiler.ForceOverwrite = "true"
		Debug.AspNetCompiler.FixedNames = "false"
		Debug.AspNetCompiler.Debug = "True"
		Release.AspNetCompiler.VirtualPath = "/localhost_36319"
		Release.AspNetCompiler.PhysicalPath = "CVsite\"
		Release.AspNetCompiler.TargetPath = "PrecompiledWeb\localhost_36319\"
		Release.AspNetCompiler.Updateable = "true"
		Release.AspNetCompiler.ForceOverwrite = "true"
		Release.AspNetCompiler.FixedNames = "false"
		Release.AspNetCompiler.Debug = "False"
		VWDPort = "36319"
		SlnRelativePath = "CVsite\"
		DefaultWebSiteLanguage = "Visual C#"
	EndProjectSection
EndProject
Global
	GlobalSection(SolutionConfigurationPlatforms) = preSolution
		Debug|Any CPU = Debug|Any CPU
	EndGlobalSection
	GlobalSection(ProjectConfigurationPlatforms) = postSolution
		{FC96328C-F182-421C-9D5E-734514B6BD78}.Debug|Any CPU.ActiveCfg = Debug|Any CPU
		{FC96328C-F182-421C-9D5E-734514B6BD78}.Debug|Any CPU.Build.0 = Debug|Any CPU
	EndGlobalSection
	GlobalSection(SolutionProperties) = preSolution
		HideSolutionNode = FALSE
	EndGlobalSection
	GlobalSection(ExtensibilityGlobals) = postSolution
		SolutionGuid = {2EF14517-6D14-4430-9B12-63B80ADC691C}
	EndGlobalSection
EndGlobal
